// !$*UTF8*$!
{
	archiveVersion = 1;
	classes = {
	};
	objectVersion = 46;
	objects = {

/* Begin PBXBuildFile section */
		0014A543CEA23FD9CB20B7D0 /* Pods_PoemEveryDay.framework in Frameworks */ = {isa = PBXBuildFile; fileRef = BCB22FA93BB1F4363314247F /* Pods_PoemEveryDay.framework */; };
		2E4EFCAD1DE52B9A00D00AB8 /* main.m in Sources */ = {isa = PBXBuildFile; fileRef = 2E4EFCAC1DE52B9A00D00AB8 /* main.m */; };
		2E4EFCB01DE52B9A00D00AB8 /* AppDelegate.m in Sources */ = {isa = PBXBuildFile; fileRef = 2E4EFCAF1DE52B9A00D00AB8 /* AppDelegate.m */; };
		2E4EFCB31DE52B9A00D00AB8 /* RootViewController.m in Sources */ = {isa = PBXBuildFile; fileRef = 2E4EFCB21DE52B9A00D00AB8 /* RootViewController.m */; };
		2E4EFCB61DE52B9A00D00AB8 /* DataViewController.m in Sources */ = {isa = PBXBuildFile; fileRef = 2E4EFCB51DE52B9A00D00AB8 /* DataViewController.m */; };
		2E4EFCB91DE52B9A00D00AB8 /* ModelController.m in Sources */ = {isa = PBXBuildFile; fileRef = 2E4EFCB81DE52B9A00D00AB8 /* ModelController.m */; };
		2E4EFCBC1DE52B9A00D00AB8 /* Main.storyboard in Resources */ = {isa = PBXBuildFile; fileRef = 2E4EFCBA1DE52B9A00D00AB8 /* Main.storyboard */; };
		2E4EFCBE1DE52B9A00D00AB8 /* Assets.xcassets in Resources */ = {isa = PBXBuildFile; fileRef = 2E4EFCBD1DE52B9A00D00AB8 /* Assets.xcassets */; };
		2E4EFCC11DE52B9A00D00AB8 /* LaunchScreen.storyboard in Resources */ = {isa = PBXBuildFile; fileRef = 2E4EFCBF1DE52B9A00D00AB8 /* LaunchScreen.storyboard */; };
		2E4EFCCC1DE52B9B00D00AB8 /* PoemEveryDayTests.m in Sources */ = {isa = PBXBuildFile; fileRef = 2E4EFCCB1DE52B9B00D00AB8 /* PoemEveryDayTests.m */; };
		2E4EFCD71DE52B9B00D00AB8 /* PoemEveryDayUITests.m in Sources */ = {isa = PBXBuildFile; fileRef = 2E4EFCD61DE52B9B00D00AB8 /* PoemEveryDayUITests.m */; };
		2E4EFCE91DE56C8600D00AB8 /* NSData+Base64AES128CBC.m in Sources */ = {isa = PBXBuildFile; fileRef = 2E4EFCE81DE56C8600D00AB8 /* NSData+Base64AES128CBC.m */; };
		2E4EFCEC1DE595B500D00AB8 /* URLCreator.m in Sources */ = {isa = PBXBuildFile; fileRef = 2E4EFCEB1DE595B500D00AB8 /* URLCreator.m */; };
		2E4EFCEE1DE59DB100D00AB8 /* poem_start.png in Resources */ = {isa = PBXBuildFile; fileRef = 2E4EFCED1DE59DB100D00AB8 /* poem_start.png */; };
		2E4EFCF01DE59DFF00D00AB8 /* poem_default.png in Resources */ = {isa = PBXBuildFile; fileRef = 2E4EFCEF1DE59DFF00D00AB8 /* poem_default.png */; };
		2E4EFCF71DE6831800D00AB8 /* PoemDetailViewController.m in Sources */ = {isa = PBXBuildFile; fileRef = 2E4EFCF61DE6831800D00AB8 /* PoemDetailViewController.m */; };
		2EAB91311DED1EB100B02982 /* UIViewScrollContain.m in Sources */ = {isa = PBXBuildFile; fileRef = 2EAB91301DED1EB100B02982 /* UIViewScrollContain.m */; };
		2EAB913D1DED79FF00B02982 /* AudioPlayer.m in Sources */ = {isa = PBXBuildFile; fileRef = 2EAB913C1DED79FF00B02982 /* AudioPlayer.m */; };
		2EB5022C1DE6BF5F00A5FB13 /* WebRequest.m in Sources */ = {isa = PBXBuildFile; fileRef = 2EB5022B1DE6BF5F00A5FB13 /* WebRequest.m */; };
		2EB502321DE7E50D00A5FB13 /* DataViewControllerVM.m in Sources */ = {isa = PBXBuildFile; fileRef = 2EB502311DE7E50D00A5FB13 /* DataViewControllerVM.m */; };
		2EB502371DE8195900A5FB13 /* RootViewControllerVM.m in Sources */ = {isa = PBXBuildFile; fileRef = 2EB502361DE8195900A5FB13 /* RootViewControllerVM.m */; };
		2EB502401DE81C9C00A5FB13 /* CoverListDataStruc.m in Sources */ = {isa = PBXBuildFile; fileRef = 2EB5023F1DE81C9C00A5FB13 /* CoverListDataStruc.m */; };
		2EB502481DE83E2100A5FB13 /* PoemDetailViewControllerVM.m in Sources */ = {isa = PBXBuildFile; fileRef = 2EB502471DE83E2100A5FB13 /* PoemDetailViewControllerVM.m */; };
		2EFFE2C41DEC215600A6D48F /* Foundation.framework in Frameworks */ = {isa = PBXBuildFile; fileRef = 2EFFE2C31DEC215600A6D48F /* Foundation.framework */; };
		786233B41DE9C72200E9BECC /* PoemDetailDataStruc.m in Sources */ = {isa = PBXBuildFile; fileRef = 786233B31DE9C72200E9BECC /* PoemDetailDataStruc.m */; };
		EA25903303BAD8FBA33497A0 /* Pods_PoemEveryDayTests.framework in Frameworks */ = {isa = PBXBuildFile; fileRef = 8AD8E4660C5D3E0BB9220B6A /* Pods_PoemEveryDayTests.framework */; };
/* End PBXBuildFile section */

/* Begin PBXContainerItemProxy section */
		2E4EFCC81DE52B9B00D00AB8 /* PBXContainerItemProxy */ = {
			isa = PBXContainerItemProxy;
			containerPortal = 2E4EFCA01DE52B9A00D00AB8 /* Project object */;
			proxyType = 1;
			remoteGlobalIDString = 2E4EFCA71DE52B9A00D00AB8;
			remoteInfo = PoemEveryDay;
		};
		2E4EFCD31DE52B9B00D00AB8 /* PBXContainerItemProxy */ = {
			isa = PBXContainerItemProxy;
			containerPortal = 2E4EFCA01DE52B9A00D00AB8 /* Project object */;
			proxyType = 1;
			remoteGlobalIDString = 2E4EFCA71DE52B9A00D00AB8;
			remoteInfo = PoemEveryDay;
		};
/* End PBXContainerItemProxy section */

/* Begin PBXFileReference section */
		138DD00B450ADCAEE6CBC156 /* Pods-PoemEveryDayTests.release.xcconfig */ = {isa = PBXFileReference; includeInIndex = 1; lastKnownFileType = text.xcconfig; name = "Pods-PoemEveryDayTests.release.xcconfig"; path = "Pods/Target Support Files/Pods-PoemEveryDayTests/Pods-PoemEveryDayTests.release.xcconfig"; sourceTree = "<group>"; };
		2E4EFCA81DE52B9A00D00AB8 /* PoemEveryDay.app */ = {isa = PBXFileReference; explicitFileType = wrapper.application; includeInIndex = 0; path = PoemEveryDay.app; sourceTree = BUILT_PRODUCTS_DIR; };
		2E4EFCAC1DE52B9A00D00AB8 /* main.m */ = {isa = PBXFileReference; lastKnownFileType = sourcecode.c.objc; path = main.m; sourceTree = "<group>"; };
		2E4EFCAE1DE52B9A00D00AB8 /* AppDelegate.h */ = {isa = PBXFileReference; lastKnownFileType = sourcecode.c.h; path = AppDelegate.h; sourceTree = "<group>"; };
		2E4EFCAF1DE52B9A00D00AB8 /* AppDelegate.m */ = {isa = PBXFileReference; lastKnownFileType = sourcecode.c.objc; path = AppDelegate.m; sourceTree = "<group>"; };
		2E4EFCB11DE52B9A00D00AB8 /* RootViewController.h */ = {isa = PBXFileReference; lastKnownFileType = sourcecode.c.h; path = RootViewController.h; sourceTree = "<group>"; };
		2E4EFCB21DE52B9A00D00AB8 /* RootViewController.m */ = {isa = PBXFileReference; lastKnownFileType = sourcecode.c.objc; path = RootViewController.m; sourceTree = "<group>"; };
		2E4EFCB41DE52B9A00D00AB8 /* DataViewController.h */ = {isa = PBXFileReference; lastKnownFileType = sourcecode.c.h; path = DataViewController.h; sourceTree = "<group>"; };
		2E4EFCB51DE52B9A00D00AB8 /* DataViewController.m */ = {isa = PBXFileReference; lastKnownFileType = sourcecode.c.objc; path = DataViewController.m; sourceTree = "<group>"; };
		2E4EFCB71DE52B9A00D00AB8 /* ModelController.h */ = {isa = PBXFileReference; lastKnownFileType = sourcecode.c.h; path = ModelController.h; sourceTree = "<group>"; };
		2E4EFCB81DE52B9A00D00AB8 /* ModelController.m */ = {isa = PBXFileReference; lastKnownFileType = sourcecode.c.objc; path = ModelController.m; sourceTree = "<group>"; };
		2E4EFCBB1DE52B9A00D00AB8 /* Base */ = {isa = PBXFileReference; lastKnownFileType = file.storyboard; name = Base; path = Base.lproj/Main.storyboard; sourceTree = "<group>"; };
		2E4EFCBD1DE52B9A00D00AB8 /* Assets.xcassets */ = {isa = PBXFileReference; lastKnownFileType = folder.assetcatalog; path = Assets.xcassets; sourceTree = "<group>"; };
		2E4EFCC01DE52B9A00D00AB8 /* Base */ = {isa = PBXFileReference; lastKnownFileType = file.storyboard; name = Base; path = Base.lproj/LaunchScreen.storyboard; sourceTree = "<group>"; };
		2E4EFCC21DE52B9A00D00AB8 /* Info.plist */ = {isa = PBXFileReference; lastKnownFileType = text.plist.xml; path = Info.plist; sourceTree = "<group>"; };
		2E4EFCC71DE52B9B00D00AB8 /* PoemEveryDayTests.xctest */ = {isa = PBXFileReference; explicitFileType = wrapper.cfbundle; includeInIndex = 0; path = PoemEveryDayTests.xctest; sourceTree = BUILT_PRODUCTS_DIR; };
		2E4EFCCB1DE52B9B00D00AB8 /* PoemEveryDayTests.m */ = {isa = PBXFileReference; lastKnownFileType = sourcecode.c.objc; path = PoemEveryDayTests.m; sourceTree = "<group>"; };
		2E4EFCCD1DE52B9B00D00AB8 /* Info.plist */ = {isa = PBXFileReference; lastKnownFileType = text.plist.xml; path = Info.plist; sourceTree = "<group>"; };
		2E4EFCD21DE52B9B00D00AB8 /* PoemEveryDayUITests.xctest */ = {isa = PBXFileReference; explicitFileType = wrapper.cfbundle; includeInIndex = 0; path = PoemEveryDayUITests.xctest; sourceTree = BUILT_PRODUCTS_DIR; };
		2E4EFCD61DE52B9B00D00AB8 /* PoemEveryDayUITests.m */ = {isa = PBXFileReference; lastKnownFileType = sourcecode.c.objc; path = PoemEveryDayUITests.m; sourceTree = "<group>"; };
		2E4EFCD81DE52B9B00D00AB8 /* Info.plist */ = {isa = PBXFileReference; lastKnownFileType = text.plist.xml; path = Info.plist; sourceTree = "<group>"; };
		2E4EFCE71DE56C8600D00AB8 /* NSData+Base64AES128CBC.h */ = {isa = PBXFileReference; fileEncoding = 4; lastKnownFileType = sourcecode.c.h; path = "NSData+Base64AES128CBC.h"; sourceTree = "<group>"; };
		2E4EFCE81DE56C8600D00AB8 /* NSData+Base64AES128CBC.m */ = {isa = PBXFileReference; fileEncoding = 4; lastKnownFileType = sourcecode.c.objc; path = "NSData+Base64AES128CBC.m"; sourceTree = "<group>"; };
		2E4EFCEA1DE595B500D00AB8 /* URLCreator.h */ = {isa = PBXFileReference; fileEncoding = 4; lastKnownFileType = sourcecode.c.h; path = URLCreator.h; sourceTree = "<group>"; };
		2E4EFCEB1DE595B500D00AB8 /* URLCreator.m */ = {isa = PBXFileReference; fileEncoding = 4; lastKnownFileType = sourcecode.c.objc; path = URLCreator.m; sourceTree = "<group>"; };
		2E4EFCED1DE59DB100D00AB8 /* poem_start.png */ = {isa = PBXFileReference; lastKnownFileType = image.png; name = poem_start.png; path = resource/poem_start.png; sourceTree = "<group>"; };
		2E4EFCEF1DE59DFF00D00AB8 /* poem_default.png */ = {isa = PBXFileReference; lastKnownFileType = image.png; name = poem_default.png; path = resource/poem_default.png; sourceTree = "<group>"; };
		2E4EFCF51DE6831800D00AB8 /* PoemDetailViewController.h */ = {isa = PBXFileReference; fileEncoding = 4; lastKnownFileType = sourcecode.c.h; path = PoemDetailViewController.h; sourceTree = "<group>"; };
		2E4EFCF61DE6831800D00AB8 /* PoemDetailViewController.m */ = {isa = PBXFileReference; fileEncoding = 4; lastKnownFileType = sourcecode.c.objc; path = PoemDetailViewController.m; sourceTree = "<group>"; };
		2EAB912F1DED1EB100B02982 /* UIViewScrollContain.h */ = {isa = PBXFileReference; fileEncoding = 4; lastKnownFileType = sourcecode.c.h; path = UIViewScrollContain.h; sourceTree = "<group>"; };
		2EAB91301DED1EB100B02982 /* UIViewScrollContain.m */ = {isa = PBXFileReference; fileEncoding = 4; lastKnownFileType = sourcecode.c.objc; path = UIViewScrollContain.m; sourceTree = "<group>"; };
		2EAB913B1DED79FF00B02982 /* AudioPlayer.h */ = {isa = PBXFileReference; fileEncoding = 4; lastKnownFileType = sourcecode.c.h; path = AudioPlayer.h; sourceTree = "<group>"; };
		2EAB913C1DED79FF00B02982 /* AudioPlayer.m */ = {isa = PBXFileReference; fileEncoding = 4; lastKnownFileType = sourcecode.c.objc; path = AudioPlayer.m; sourceTree = "<group>"; };
		2EB5022A1DE6BF5F00A5FB13 /* WebRequest.h */ = {isa = PBXFileReference; fileEncoding = 4; lastKnownFileType = sourcecode.c.h; path = WebRequest.h; sourceTree = "<group>"; };
		2EB5022B1DE6BF5F00A5FB13 /* WebRequest.m */ = {isa = PBXFileReference; fileEncoding = 4; lastKnownFileType = sourcecode.c.objc; path = WebRequest.m; sourceTree = "<group>"; };
		2EB5022E1DE7D1F800A5FB13 /* PrefixHeader.pch */ = {isa = PBXFileReference; lastKnownFileType = sourcecode.c.h; path = PrefixHeader.pch; sourceTree = SOURCE_ROOT; };
		2EB502301DE7E50D00A5FB13 /* DataViewControllerVM.h */ = {isa = PBXFileReference; fileEncoding = 4; lastKnownFileType = sourcecode.c.h; path = DataViewControllerVM.h; sourceTree = "<group>"; };
		2EB502311DE7E50D00A5FB13 /* DataViewControllerVM.m */ = {isa = PBXFileReference; fileEncoding = 4; lastKnownFileType = sourcecode.c.objc; path = DataViewControllerVM.m; sourceTree = "<group>"; };
		2EB502351DE8195900A5FB13 /* RootViewControllerVM.h */ = {isa = PBXFileReference; fileEncoding = 4; lastKnownFileType = sourcecode.c.h; path = RootViewControllerVM.h; sourceTree = "<group>"; };
		2EB502361DE8195900A5FB13 /* RootViewControllerVM.m */ = {isa = PBXFileReference; fileEncoding = 4; lastKnownFileType = sourcecode.c.objc; path = RootViewControllerVM.m; sourceTree = "<group>"; };
		2EB502391DE81A6200A5FB13 /* Macro.h */ = {isa = PBXFileReference; lastKnownFileType = sourcecode.c.h; path = Macro.h; sourceTree = "<group>"; };
		2EB5023E1DE81C9C00A5FB13 /* CoverListDataStruc.h */ = {isa = PBXFileReference; fileEncoding = 4; lastKnownFileType = sourcecode.c.h; path = CoverListDataStruc.h; sourceTree = "<group>"; };
		2EB5023F1DE81C9C00A5FB13 /* CoverListDataStruc.m */ = {isa = PBXFileReference; fileEncoding = 4; lastKnownFileType = sourcecode.c.objc; path = CoverListDataStruc.m; sourceTree = "<group>"; };
		2EB502461DE83E2100A5FB13 /* PoemDetailViewControllerVM.h */ = {isa = PBXFileReference; fileEncoding = 4; lastKnownFileType = sourcecode.c.h; path = PoemDetailViewControllerVM.h; sourceTree = "<group>"; };
		2EB502471DE83E2100A5FB13 /* PoemDetailViewControllerVM.m */ = {isa = PBXFileReference; fileEncoding = 4; lastKnownFileType = sourcecode.c.objc; path = PoemDetailViewControllerVM.m; sourceTree = "<group>"; };
		2EFFE2C31DEC215600A6D48F /* Foundation.framework */ = {isa = PBXFileReference; lastKnownFileType = wrapper.framework; name = Foundation.framework; path = System/Library/Frameworks/Foundation.framework; sourceTree = SDKROOT; };
		5FF43C879AD37AA951701666 /* Pods-PoemEveryDay.debug.xcconfig */ = {isa = PBXFileReference; includeInIndex = 1; lastKnownFileType = text.xcconfig; name = "Pods-PoemEveryDay.debug.xcconfig"; path = "Pods/Target Support Files/Pods-PoemEveryDay/Pods-PoemEveryDay.debug.xcconfig"; sourceTree = "<group>"; };
		786233B21DE9C72200E9BECC /* PoemDetailDataStruc.h */ = {isa = PBXFileReference; fileEncoding = 4; lastKnownFileType = sourcecode.c.h; path = PoemDetailDataStruc.h; sourceTree = "<group>"; };
		786233B31DE9C72200E9BECC /* PoemDetailDataStruc.m */ = {isa = PBXFileReference; fileEncoding = 4; lastKnownFileType = sourcecode.c.objc; path = PoemDetailDataStruc.m; sourceTree = "<group>"; };
		811033340870AEED899BFE32 /* Pods-PoemEveryDay.release.xcconfig */ = {isa = PBXFileReference; includeInIndex = 1; lastKnownFileType = text.xcconfig; name = "Pods-PoemEveryDay.release.xcconfig"; path = "Pods/Target Support Files/Pods-PoemEveryDay/Pods-PoemEveryDay.release.xcconfig"; sourceTree = "<group>"; };
		8AD8E4660C5D3E0BB9220B6A /* Pods_PoemEveryDayTests.framework */ = {isa = PBXFileReference; explicitFileType = wrapper.framework; includeInIndex = 0; path = Pods_PoemEveryDayTests.framework; sourceTree = BUILT_PRODUCTS_DIR; };
		A266D4C9BA1EF42A7DA56FBF /* Pods-PoemEveryDayTests.debug.xcconfig */ = {isa = PBXFileReference; includeInIndex = 1; lastKnownFileType = text.xcconfig; name = "Pods-PoemEveryDayTests.debug.xcconfig"; path = "Pods/Target Support Files/Pods-PoemEveryDayTests/Pods-PoemEveryDayTests.debug.xcconfig"; sourceTree = "<group>"; };
		BCB22FA93BB1F4363314247F /* Pods_PoemEveryDay.framework */ = {isa = PBXFileReference; explicitFileType = wrapper.framework; includeInIndex = 0; path = Pods_PoemEveryDay.framework; sourceTree = BUILT_PRODUCTS_DIR; };
/* End PBXFileReference section */

/* Begin PBXFrameworksBuildPhase section */
		2E4EFCA51DE52B9A00D00AB8 /* Frameworks */ = {
			isa = PBXFrameworksBuildPhase;
			buildActionMask = 2147483647;
			files = (
				2EFFE2C41DEC215600A6D48F /* Foundation.framework in Frameworks */,
				0014A543CEA23FD9CB20B7D0 /* Pods_PoemEveryDay.framework in Frameworks */,
			);
			runOnlyForDeploymentPostprocessing = 0;
		};
		2E4EFCC41DE52B9B00D00AB8 /* Frameworks */ = {
			isa = PBXFrameworksBuildPhase;
			buildActionMask = 2147483647;
			files = (
				EA25903303BAD8FBA33497A0 /* Pods_PoemEveryDayTests.framework in Frameworks */,
			);
			runOnlyForDeploymentPostprocessing = 0;
		};
		2E4EFCCF1DE52B9B00D00AB8 /* Frameworks */ = {
			isa = PBXFrameworksBuildPhase;
			buildActionMask = 2147483647;
			files = (
			);
			runOnlyForDeploymentPostprocessing = 0;
		};
/* End PBXFrameworksBuildPhase section */

/* Begin PBXGroup section */
		2E4EFC9F1DE52B9A00D00AB8 = {
			isa = PBXGroup;
			children = (
				2E4EFCAA1DE52B9A00D00AB8 /* PoemEveryDay */,
				2E4EFCCA1DE52B9B00D00AB8 /* PoemEveryDayTests */,
				2E4EFCD51DE52B9B00D00AB8 /* PoemEveryDayUITests */,
				2E4EFCA91DE52B9A00D00AB8 /* Products */,
				3E1CE4DD10C8B8ECE2E2D840 /* Pods */,
				87732102938175BDD2013965 /* Frameworks */,
			);
			sourceTree = "<group>";
		};
		2E4EFCA91DE52B9A00D00AB8 /* Products */ = {
			isa = PBXGroup;
			children = (
				2E4EFCA81DE52B9A00D00AB8 /* PoemEveryDay.app */,
				2E4EFCC71DE52B9B00D00AB8 /* PoemEveryDayTests.xctest */,
				2E4EFCD21DE52B9B00D00AB8 /* PoemEveryDayUITests.xctest */,
			);
			name = Products;
			sourceTree = "<group>";
		};
		2E4EFCAA1DE52B9A00D00AB8 /* PoemEveryDay */ = {
			isa = PBXGroup;
			children = (
				2E4EFCF11DE59E3800D00AB8 /* resource */,
				2EB502341DE7EC2600A5FB13 /* Vendor */,
				2EB502381DE81A4500A5FB13 /* Util */,
				2E4EFCE61DE5399F00D00AB8 /* Mode */,
				2EB5022F1DE7E4DD00A5FB13 /* ViewModel */,
				2E4EFCE51DE5399200D00AB8 /* View */,
				2E4EFCAE1DE52B9A00D00AB8 /* AppDelegate.h */,
				2E4EFCAF1DE52B9A00D00AB8 /* AppDelegate.m */,
				2E4EFCBA1DE52B9A00D00AB8 /* Main.storyboard */,
				2E4EFCBD1DE52B9A00D00AB8 /* Assets.xcassets */,
				2E4EFCBF1DE52B9A00D00AB8 /* LaunchScreen.storyboard */,
				2E4EFCC21DE52B9A00D00AB8 /* Info.plist */,
				2E4EFCAB1DE52B9A00D00AB8 /* Supporting Files */,
			);
			path = PoemEveryDay;
			sourceTree = "<group>";
		};
		2E4EFCAB1DE52B9A00D00AB8 /* Supporting Files */ = {
			isa = PBXGroup;
			children = (
				2EB5022E1DE7D1F800A5FB13 /* PrefixHeader.pch */,
				2E4EFCAC1DE52B9A00D00AB8 /* main.m */,
			);
			name = "Supporting Files";
			sourceTree = "<group>";
		};
		2E4EFCCA1DE52B9B00D00AB8 /* PoemEveryDayTests */ = {
			isa = PBXGroup;
			children = (
				2E4EFCCB1DE52B9B00D00AB8 /* PoemEveryDayTests.m */,
				2E4EFCCD1DE52B9B00D00AB8 /* Info.plist */,
			);
			path = PoemEveryDayTests;
			sourceTree = "<group>";
		};
		2E4EFCD51DE52B9B00D00AB8 /* PoemEveryDayUITests */ = {
			isa = PBXGroup;
			children = (
				2E4EFCD61DE52B9B00D00AB8 /* PoemEveryDayUITests.m */,
				2E4EFCD81DE52B9B00D00AB8 /* Info.plist */,
			);
			path = PoemEveryDayUITests;
			sourceTree = "<group>";
		};
		2E4EFCE41DE5398100D00AB8 /* Controller */ = {
			isa = PBXGroup;
			children = (
				2E4EFCB11DE52B9A00D00AB8 /* RootViewController.h */,
				2E4EFCB21DE52B9A00D00AB8 /* RootViewController.m */,
				2E4EFCB41DE52B9A00D00AB8 /* DataViewController.h */,
				2E4EFCB51DE52B9A00D00AB8 /* DataViewController.m */,
				2E4EFCB71DE52B9A00D00AB8 /* ModelController.h */,
				2E4EFCB81DE52B9A00D00AB8 /* ModelController.m */,
				2E4EFCF51DE6831800D00AB8 /* PoemDetailViewController.h */,
				2E4EFCF61DE6831800D00AB8 /* PoemDetailViewController.m */,
			);
			name = Controller;
			sourceTree = "<group>";
		};
		2E4EFCE51DE5399200D00AB8 /* View */ = {
			isa = PBXGroup;
			children = (
				786233B11DE9C61400E9BECC /* view */,
				2E4EFCE41DE5398100D00AB8 /* Controller */,
			);
			name = View;
			sourceTree = "<group>";
		};
		2E4EFCE61DE5399F00D00AB8 /* Mode */ = {
			isa = PBXGroup;
			children = (
				2EB5023A1DE81C3200A5FB13 /* NetWork */,
				2E4EFCE71DE56C8600D00AB8 /* NSData+Base64AES128CBC.h */,
				2E4EFCE81DE56C8600D00AB8 /* NSData+Base64AES128CBC.m */,
				2EAB913B1DED79FF00B02982 /* AudioPlayer.h */,
				2EAB913C1DED79FF00B02982 /* AudioPlayer.m */,
			);
			name = Mode;
			sourceTree = "<group>";
		};
		2E4EFCF11DE59E3800D00AB8 /* resource */ = {
			isa = PBXGroup;
			children = (
				2E4EFCEF1DE59DFF00D00AB8 /* poem_default.png */,
				2E4EFCED1DE59DB100D00AB8 /* poem_start.png */,
			);
			name = resource;
			sourceTree = "<group>";
		};
		2EB5022F1DE7E4DD00A5FB13 /* ViewModel */ = {
			isa = PBXGroup;
			children = (
				2EB502301DE7E50D00A5FB13 /* DataViewControllerVM.h */,
				2EB502311DE7E50D00A5FB13 /* DataViewControllerVM.m */,
				2EB502351DE8195900A5FB13 /* RootViewControllerVM.h */,
				2EB502361DE8195900A5FB13 /* RootViewControllerVM.m */,
				2EB502461DE83E2100A5FB13 /* PoemDetailViewControllerVM.h */,
				2EB502471DE83E2100A5FB13 /* PoemDetailViewControllerVM.m */,
			);
			name = ViewModel;
			sourceTree = "<group>";
		};
		2EB502341DE7EC2600A5FB13 /* Vendor */ = {
			isa = PBXGroup;
			children = (
			);
			path = Vendor;
			sourceTree = "<group>";
		};
		2EB502381DE81A4500A5FB13 /* Util */ = {
			isa = PBXGroup;
			children = (
				2EB502391DE81A6200A5FB13 /* Macro.h */,
			);
			name = Util;
			sourceTree = "<group>";
		};
		2EB5023A1DE81C3200A5FB13 /* NetWork */ = {
			isa = PBXGroup;
			children = (
				2E4EFCEA1DE595B500D00AB8 /* URLCreator.h */,
				2E4EFCEB1DE595B500D00AB8 /* URLCreator.m */,
				2EB5022A1DE6BF5F00A5FB13 /* WebRequest.h */,
				2EB5022B1DE6BF5F00A5FB13 /* WebRequest.m */,
				2EB5023E1DE81C9C00A5FB13 /* CoverListDataStruc.h */,
				2EB5023F1DE81C9C00A5FB13 /* CoverListDataStruc.m */,
				786233B21DE9C72200E9BECC /* PoemDetailDataStruc.h */,
				786233B31DE9C72200E9BECC /* PoemDetailDataStruc.m */,
			);
			name = NetWork;
			sourceTree = "<group>";
		};
		3E1CE4DD10C8B8ECE2E2D840 /* Pods */ = {
			isa = PBXGroup;
			children = (
				5FF43C879AD37AA951701666 /* Pods-PoemEveryDay.debug.xcconfig */,
				811033340870AEED899BFE32 /* Pods-PoemEveryDay.release.xcconfig */,
				A266D4C9BA1EF42A7DA56FBF /* Pods-PoemEveryDayTests.debug.xcconfig */,
				138DD00B450ADCAEE6CBC156 /* Pods-PoemEveryDayTests.release.xcconfig */,
			);
			name = Pods;
			sourceTree = "<group>";
		};
		786233B11DE9C61400E9BECC /* view */ = {
			isa = PBXGroup;
			children = (
				2EAB912F1DED1EB100B02982 /* UIViewScrollContain.h */,
				2EAB91301DED1EB100B02982 /* UIViewScrollContain.m */,
			);
			name = view;
			sourceTree = "<group>";
		};
		87732102938175BDD2013965 /* Frameworks */ = {
			isa = PBXGroup;
			children = (
				2EFFE2C31DEC215600A6D48F /* Foundation.framework */,
				BCB22FA93BB1F4363314247F /* Pods_PoemEveryDay.framework */,
				8AD8E4660C5D3E0BB9220B6A /* Pods_PoemEveryDayTests.framework */,
			);
			name = Frameworks;
			sourceTree = "<group>";
		};
/* End PBXGroup section */

/* Begin PBXNativeTarget section */
		2E4EFCA71DE52B9A00D00AB8 /* PoemEveryDay */ = {
			isa = PBXNativeTarget;
			buildConfigurationList = 2E4EFCDB1DE52B9B00D00AB8 /* Build configuration list for PBXNativeTarget "PoemEveryDay" */;
			buildPhases = (
				09CA6A1EF870D3405EEEF111 /* [CP] Check Pods Manifest.lock */,
				2E4EFCA41DE52B9A00D00AB8 /* Sources */,
				2E4EFCA51DE52B9A00D00AB8 /* Frameworks */,
				2E4EFCA61DE52B9A00D00AB8 /* Resources */,
				6CB08DCDB3EB8C1249777147 /* [CP] Embed Pods Frameworks */,
				E20318B1D5D753FB33611E88 /* [CP] Copy Pods Resources */,
			);
			buildRules = (
			);
			dependencies = (
			);
			name = PoemEveryDay;
			productName = PoemEveryDay;
			productReference = 2E4EFCA81DE52B9A00D00AB8 /* PoemEveryDay.app */;
			productType = "com.apple.product-type.application";
		};
		2E4EFCC61DE52B9B00D00AB8 /* PoemEveryDayTests */ = {
			isa = PBXNativeTarget;
			buildConfigurationList = 2E4EFCDE1DE52B9B00D00AB8 /* Build configuration list for PBXNativeTarget "PoemEveryDayTests" */;
			buildPhases = (
				D80D146E817CDAA26A95EB7D /* [CP] Check Pods Manifest.lock */,
				2E4EFCC31DE52B9B00D00AB8 /* Sources */,
				2E4EFCC41DE52B9B00D00AB8 /* Frameworks */,
				2E4EFCC51DE52B9B00D00AB8 /* Resources */,
				2CAB6966C22FAAC43E09B134 /* [CP] Embed Pods Frameworks */,
				B829E284AEA959596C3B0F5B /* [CP] Copy Pods Resources */,
			);
			buildRules = (
			);
			dependencies = (
				2E4EFCC91DE52B9B00D00AB8 /* PBXTargetDependency */,
			);
			name = PoemEveryDayTests;
			productName = PoemEveryDayTests;
			productReference = 2E4EFCC71DE52B9B00D00AB8 /* PoemEveryDayTests.xctest */;
			productType = "com.apple.product-type.bundle.unit-test";
		};
		2E4EFCD11DE52B9B00D00AB8 /* PoemEveryDayUITests */ = {
			isa = PBXNativeTarget;
			buildConfigurationList = 2E4EFCE11DE52B9B00D00AB8 /* Build configuration list for PBXNativeTarget "PoemEveryDayUITests" */;
			buildPhases = (
				2E4EFCCE1DE52B9B00D00AB8 /* Sources */,
				2E4EFCCF1DE52B9B00D00AB8 /* Frameworks */,
				2E4EFCD01DE52B9B00D00AB8 /* Resources */,
			);
			buildRules = (
			);
			dependencies = (
				2E4EFCD41DE52B9B00D00AB8 /* PBXTargetDependency */,
			);
			name = PoemEveryDayUITests;
			productName = PoemEveryDayUITests;
			productReference = 2E4EFCD21DE52B9B00D00AB8 /* PoemEveryDayUITests.xctest */;
			productType = "com.apple.product-type.bundle.ui-testing";
		};
/* End PBXNativeTarget section */

/* Begin PBXProject section */
		2E4EFCA01DE52B9A00D00AB8 /* Project object */ = {
			isa = PBXProject;
			attributes = {
				LastUpgradeCheck = 0810;
				ORGANIZATIONNAME = "陈建峰";
				TargetAttributes = {
					2E4EFCA71DE52B9A00D00AB8 = {
						CreatedOnToolsVersion = 8.1;
						DevelopmentTeam = RUDNP34A78;
						LastSwiftMigration = 0810;
						ProvisioningStyle = Automatic;
					};
					2E4EFCC61DE52B9B00D00AB8 = {
						CreatedOnToolsVersion = 8.1;
						ProvisioningStyle = Automatic;
						TestTargetID = 2E4EFCA71DE52B9A00D00AB8;
					};
					2E4EFCD11DE52B9B00D00AB8 = {
						CreatedOnToolsVersion = 8.1;
						ProvisioningStyle = Automatic;
						TestTargetID = 2E4EFCA71DE52B9A00D00AB8;
					};
				};
			};
			buildConfigurationList = 2E4EFCA31DE52B9A00D00AB8 /* Build configuration list for PBXProject "PoemEveryDay" */;
			compatibilityVersion = "Xcode 3.2";
			developmentRegion = English;
			hasScannedForEncodings = 0;
			knownRegions = (
				en,
				Base,
			);
			mainGroup = 2E4EFC9F1DE52B9A00D00AB8;
			productRefGroup = 2E4EFCA91DE52B9A00D00AB8 /* Products */;
			projectDirPath = "";
			projectRoot = "";
			targets = (
				2E4EFCA71DE52B9A00D00AB8 /* PoemEveryDay */,
				2E4EFCC61DE52B9B00D00AB8 /* PoemEveryDayTests */,
				2E4EFCD11DE52B9B00D00AB8 /* PoemEveryDayUITests */,
			);
		};
/* End PBXProject section */

/* Begin PBXResourcesBuildPhase section */
		2E4EFCA61DE52B9A00D00AB8 /* Resources */ = {
			isa = PBXResourcesBuildPhase;
			buildActionMask = 2147483647;
			files = (
				2E4EFCC11DE52B9A00D00AB8 /* LaunchScreen.storyboard in Resources */,
				2E4EFCBE1DE52B9A00D00AB8 /* Assets.xcassets in Resources */,
				2E4EFCBC1DE52B9A00D00AB8 /* Main.storyboard in Resources */,
				2E4EFCF01DE59DFF00D00AB8 /* poem_default.png in Resources */,
				2E4EFCEE1DE59DB100D00AB8 /* poem_start.png in Resources */,
			);
			runOnlyForDeploymentPostprocessing = 0;
		};
		2E4EFCC51DE52B9B00D00AB8 /* Resources */ = {
			isa = PBXResourcesBuildPhase;
			buildActionMask = 2147483647;
			files = (
			);
			runOnlyForDeploymentPostprocessing = 0;
		};
		2E4EFCD01DE52B9B00D00AB8 /* Resources */ = {
			isa = PBXResourcesBuildPhase;
			buildActionMask = 2147483647;
			files = (
			);
			runOnlyForDeploymentPostprocessing = 0;
		};
/* End PBXResourcesBuildPhase section */

/* Begin PBXShellScriptBuildPhase section */
		09CA6A1EF870D3405EEEF111 /* [CP] Check Pods Manifest.lock */ = {
			isa = PBXShellScriptBuildPhase;
			buildActionMask = 2147483647;
			files = (
			);
			inputPaths = (
			);
			name = "[CP] Check Pods Manifest.lock";
			outputPaths = (
			);
			runOnlyForDeploymentPostprocessing = 0;
			shellPath = /bin/sh;
			shellScript = "diff \"${PODS_ROOT}/../Podfile.lock\" \"${PODS_ROOT}/Manifest.lock\" > /dev/null\nif [[ $? != 0 ]] ; then\n    cat << EOM\nerror: The sandbox is not in sync with the Podfile.lock. Run 'pod install' or update your CocoaPods installation.\nEOM\n    exit 1\nfi\n";
			showEnvVarsInLog = 0;
		};
		2CAB6966C22FAAC43E09B134 /* [CP] Embed Pods Frameworks */ = {
			isa = PBXShellScriptBuildPhase;
			buildActionMask = 2147483647;
			files = (
			);
			inputPaths = (
			);
			name = "[CP] Embed Pods Frameworks";
			outputPaths = (
			);
			runOnlyForDeploymentPostprocessing = 0;
			shellPath = /bin/sh;
			shellScript = "\"${SRCROOT}/Pods/Target Support Files/Pods-PoemEveryDayTests/Pods-PoemEveryDayTests-frameworks.sh\"\n";
			showEnvVarsInLog = 0;
		};
		6CB08DCDB3EB8C1249777147 /* [CP] Embed Pods Frameworks */ = {
			isa = PBXShellScriptBuildPhase;
			buildActionMask = 2147483647;
			files = (
			);
			inputPaths = (
			);
			name = "[CP] Embed Pods Frameworks";
			outputPaths = (
			);
			runOnlyForDeploymentPostprocessing = 0;
			shellPath = /bin/sh;
			shellScript = "\"${SRCROOT}/Pods/Target Support Files/Pods-PoemEveryDay/Pods-PoemEveryDay-frameworks.sh\"\n";
			showEnvVarsInLog = 0;
		};
		B829E284AEA959596C3B0F5B /* [CP] Copy Pods Resources */ = {
			isa = PBXShellScriptBuildPhase;
			buildActionMask = 2147483647;
			files = (
			);
			inputPaths = (
			);
			name = "[CP] Copy Pods Resources";
			outputPaths = (
			);
			runOnlyForDeploymentPostprocessing = 0;
			shellPath = /bin/sh;
			shellScript = "\"${SRCROOT}/Pods/Target Support Files/Pods-PoemEveryDayTests/Pods-PoemEveryDayTests-resources.sh\"\n";
			showEnvVarsInLog = 0;
		};
		D80D146E817CDAA26A95EB7D /* [CP] Check Pods Manifest.lock */ = {
			isa = PBXShellScriptBuildPhase;
			buildActionMask = 2147483647;
			files = (
			);
			inputPaths = (
			);
			name = "[CP] Check Pods Manifest.lock";
			outputPaths = (
			);
			runOnlyForDeploymentPostprocessing = 0;
			shellPath = /bin/sh;
			shellScript = "diff \"${PODS_ROOT}/../Podfile.lock\" \"${PODS_ROOT}/Manifest.lock\" > /dev/null\nif [[ $? != 0 ]] ; then\n    cat << EOM\nerror: The sandbox is not in sync with the Podfile.lock. Run 'pod install' or update your CocoaPods installation.\nEOM\n    exit 1\nfi\n";
			showEnvVarsInLog = 0;
		};
		E20318B1D5D753FB33611E88 /* [CP] Copy Pods Resources */ = {
			isa = PBXShellScriptBuildPhase;
			buildActionMask = 2147483647;
			files = (
			);
			inputPaths = (
			);
			name = "[CP] Copy Pods Resources";
			outputPaths = (
			);
			runOnlyForDeploymentPostprocessing = 0;
			shellPath = /bin/sh;
			shellScript = "\"${SRCROOT}/Pods/Target Support Files/Pods-PoemEveryDay/Pods-PoemEveryDay-resources.sh\"\n";
			showEnvVarsInLog = 0;
		};
/* End PBXShellScriptBuildPhase section */

/* Begin PBXSourcesBuildPhase section */
		2E4EFCA41DE52B9A00D00AB8 /* Sources */ = {
			isa = PBXSourcesBuildPhase;
			buildActionMask = 2147483647;
			files = (
				2E4EFCF71DE6831800D00AB8 /* PoemDetailViewController.m in Sources */,
				2EB502321DE7E50D00A5FB13 /* DataViewControllerVM.m in Sources */,
				2E4EFCE91DE56C8600D00AB8 /* NSData+Base64AES128CBC.m in Sources */,
				2E4EFCB61DE52B9A00D00AB8 /* DataViewController.m in Sources */,
				2EAB91311DED1EB100B02982 /* UIViewScrollContain.m in Sources */,
				2EB502481DE83E2100A5FB13 /* PoemDetailViewControllerVM.m in Sources */,
				2EB502371DE8195900A5FB13 /* RootViewControllerVM.m in Sources */,
				2EAB913D1DED79FF00B02982 /* AudioPlayer.m in Sources */,
				2E4EFCEC1DE595B500D00AB8 /* URLCreator.m in Sources */,
				2E4EFCB01DE52B9A00D00AB8 /* AppDelegate.m in Sources */,
				2EB5022C1DE6BF5F00A5FB13 /* WebRequest.m in Sources */,
				2E4EFCB91DE52B9A00D00AB8 /* ModelController.m in Sources */,
				2EB502401DE81C9C00A5FB13 /* CoverListDataStruc.m in Sources */,
				2E4EFCAD1DE52B9A00D00AB8 /* main.m in Sources */,
				2E4EFCB31DE52B9A00D00AB8 /* RootViewController.m in Sources */,
				786233B41DE9C72200E9BECC /* PoemDetailDataStruc.m in Sources */,
			);
			runOnlyForDeploymentPostprocessing = 0;
		};
		2E4EFCC31DE52B9B00D00AB8 /* Sources */ = {
			isa = PBXSourcesBuildPhase;
			buildActionMask = 2147483647;
			files = (
				2E4EFCCC1DE52B9B00D00AB8 /* PoemEveryDayTests.m in Sources */,
			);
			runOnlyForDeploymentPostprocessing = 0;
		};
		2E4EFCCE1DE52B9B00D00AB8 /* Sources */ = {
			isa = PBXSourcesBuildPhase;
			buildActionMask = 2147483647;
			files = (
				2E4EFCD71DE52B9B00D00AB8 /* PoemEveryDayUITests.m in Sources */,
			);
			runOnlyForDeploymentPostprocessing = 0;
		};
/* End PBXSourcesBuildPhase section */

/* Begin PBXTargetDependency section */
		2E4EFCC91DE52B9B00D00AB8 /* PBXTargetDependency */ = {
			isa = PBXTargetDependency;
			target = 2E4EFCA71DE52B9A00D00AB8 /* PoemEveryDay */;
			targetProxy = 2E4EFCC81DE52B9B00D00AB8 /* PBXContainerItemProxy */;
		};
		2E4EFCD41DE52B9B00D00AB8 /* PBXTargetDependency */ = {
			isa = PBXTargetDependency;
			target = 2E4EFCA71DE52B9A00D00AB8 /* PoemEveryDay */;
			targetProxy = 2E4EFCD31DE52B9B00D00AB8 /* PBXContainerItemProxy */;
		};
/* End PBXTargetDependency section */

/* Begin PBXVariantGroup section */
		2E4EFCBA1DE52B9A00D00AB8 /* Main.storyboard */ = {
			isa = PBXVariantGroup;
			children = (
				2E4EFCBB1DE52B9A00D00AB8 /* Base */,
			);
			name = Main.storyboard;
			sourceTree = "<group>";
		};
		2E4EFCBF1DE52B9A00D00AB8 /* LaunchScreen.storyboard */ = {
			isa = PBXVariantGroup;
			children = (
				2E4EFCC01DE52B9A00D00AB8 /* Base */,
			);
			name = LaunchScreen.storyboard;
			sourceTree = "<group>";
		};
/* End PBXVariantGroup section */

/* Begin XCBuildConfiguration section */
		2E4EFCD91DE52B9B00D00AB8 /* Debug */ = {
			isa = XCBuildConfiguration;
			buildSettings = {
				ALWAYS_SEARCH_USER_PATHS = NO;
				CLANG_ANALYZER_NONNULL = YES;
				CLANG_CXX_LANGUAGE_STANDARD = "gnu++0x";
				CLANG_CXX_LIBRARY = "libc++";
				CLANG_ENABLE_MODULES = YES;
				CLANG_ENABLE_OBJC_ARC = YES;
				CLANG_WARN_BOOL_CONVERSION = YES;
				CLANG_WARN_CONSTANT_CONVERSION = YES;
				CLANG_WARN_DIRECT_OBJC_ISA_USAGE = YES_ERROR;
				CLANG_WARN_DOCUMENTATION_COMMENTS = YES;
				CLANG_WARN_EMPTY_BODY = YES;
				CLANG_WARN_ENUM_CONVERSION = YES;
				CLANG_WARN_INFINITE_RECURSION = YES;
				CLANG_WARN_INT_CONVERSION = YES;
				CLANG_WARN_OBJC_ROOT_CLASS = YES_ERROR;
				CLANG_WARN_SUSPICIOUS_MOVES = YES;
				CLANG_WARN_UNREACHABLE_CODE = YES;
				CLANG_WARN__DUPLICATE_METHOD_MATCH = YES;
				"CODE_SIGN_IDENTITY[sdk=iphoneos*]" = "iPhone Developer";
				COPY_PHASE_STRIP = NO;
				DEBUG_INFORMATION_FORMAT = dwarf;
				ENABLE_STRICT_OBJC_MSGSEND = YES;
				ENABLE_TESTABILITY = YES;
				GCC_C_LANGUAGE_STANDARD = gnu99;
				GCC_DYNAMIC_NO_PIC = NO;
				GCC_NO_COMMON_BLOCKS = YES;
				GCC_OPTIMIZATION_LEVEL = 0;
				GCC_PREPROCESSOR_DEFINITIONS = (
					"DEBUG=1",
					"$(inherited)",
				);
				GCC_WARN_64_TO_32_BIT_CONVERSION = YES;
				GCC_WARN_ABOUT_RETURN_TYPE = YES_ERROR;
				GCC_WARN_UNDECLARED_SELECTOR = YES;
				GCC_WARN_UNINITIALIZED_AUTOS = YES_AGGRESSIVE;
				GCC_WARN_UNUSED_FUNCTION = YES;
				GCC_WARN_UNUSED_VARIABLE = YES;
				IPHONEOS_DEPLOYMENT_TARGET = 8.0;
				MTL_ENABLE_DEBUG_INFO = YES;
				ONLY_ACTIVE_ARCH = YES;
				SDKROOT = iphoneos;
				TARGETED_DEVICE_FAMILY = "1,2";
			};
			name = Debug;
		};
		2E4EFCDA1DE52B9B00D00AB8 /* Release */ = {
			isa = XCBuildConfiguration;
			buildSettings = {
				ALWAYS_SEARCH_USER_PATHS = NO;
				CLANG_ANALYZER_NONNULL = YES;
				CLANG_CXX_LANGUAGE_STANDARD = "gnu++0x";
				CLANG_CXX_LIBRARY = "libc++";
				CLANG_ENABLE_MODULES = YES;
				CLANG_ENABLE_OBJC_ARC = YES;
				CLANG_WARN_BOOL_CONVERSION = YES;
				CLANG_WARN_CONSTANT_CONVERSION = YES;
				CLANG_WARN_DIRECT_OBJC_ISA_USAGE = YES_ERROR;
				CLANG_WARN_DOCUMENTATION_COMMENTS = YES;
				CLANG_WARN_EMPTY_BODY = YES;
				CLANG_WARN_ENUM_CONVERSION = YES;
				CLANG_WARN_INFINITE_RECURSION = YES;
				CLANG_WARN_INT_CONVERSION = YES;
				CLANG_WARN_OBJC_ROOT_CLASS = YES_ERROR;
				CLANG_WARN_SUSPICIOUS_MOVES = YES;
				CLANG_WARN_UNREACHABLE_CODE = YES;
				CLANG_WARN__DUPLICATE_METHOD_MATCH = YES;
				"CODE_SIGN_IDENTITY[sdk=iphoneos*]" = "iPhone Developer";
				COPY_PHASE_STRIP = NO;
				DEBUG_INFORMATION_FORMAT = "dwarf-with-dsym";
				ENABLE_NS_ASSERTIONS = NO;
				ENABLE_STRICT_OBJC_MSGSEND = YES;
				GCC_C_LANGUAGE_STANDARD = gnu99;
				GCC_NO_COMMON_BLOCKS = YES;
				GCC_WARN_64_TO_32_BIT_CONVERSION = YES;
				GCC_WARN_ABOUT_RETURN_TYPE = YES_ERROR;
				GCC_WARN_UNDECLARED_SELECTOR = YES;
				GCC_WARN_UNINITIALIZED_AUTOS = YES_AGGRESSIVE;
				GCC_WARN_UNUSED_FUNCTION = YES;
				GCC_WARN_UNUSED_VARIABLE = YES;
				IPHONEOS_DEPLOYMENT_TARGET = 8.0;
				MTL_ENABLE_DEBUG_INFO = NO;
				SDKROOT = iphoneos;
				TARGETED_DEVICE_FAMILY = "1,2";
				VALIDATE_PRODUCT = YES;
			};
			name = Release;
		};
		2E4EFCDC1DE52B9B00D00AB8 /* Debug */ = {
			isa = XCBuildConfiguration;
			baseConfigurationReference = 5FF43C879AD37AA951701666 /* Pods-PoemEveryDay.debug.xcconfig */;
			buildSettings = {
				ALWAYS_SEARCH_USER_PATHS = NO;
				ASSETCATALOG_COMPILER_APPICON_NAME = AppIcon;
				DEVELOPMENT_TEAM = RUDNP34A78;
				GCC_INCREASE_PRECOMPILED_HEADER_SHARING = NO;
				GCC_PRECOMPILE_PREFIX_HEADER = YES;
				GCC_PREFIX_HEADER = PrefixHeader.pch;
				HEADER_SEARCH_PATHS = "$(PROJECT_DIR)/Pods/";
				INFOPLIST_FILE = PoemEveryDay/Info.plist;
				IPHONEOS_DEPLOYMENT_TARGET = 8.0;
				LD_RUNPATH_SEARCH_PATHS = "$(inherited) @executable_path/Frameworks";
				PRODUCT_BUNDLE_IDENTIFIER = feng.PoemEveryDay;
				PRODUCT_NAME = "$(TARGET_NAME)";
				SWIFT_VERSION = 3.0;
			};
			name = Debug;
		};
		2E4EFCDD1DE52B9B00D00AB8 /* Release */ = {
			isa = XCBuildConfiguration;
			baseConfigurationReference = 811033340870AEED899BFE32 /* Pods-PoemEveryDay.release.xcconfig */;
			buildSettings = {
				ALWAYS_SEARCH_USER_PATHS = NO;
				ASSETCATALOG_COMPILER_APPICON_NAME = AppIcon;
				DEVELOPMENT_TEAM = RUDNP34A78;
				GCC_INCREASE_PRECOMPILED_HEADER_SHARING = NO;
				GCC_PRECOMPILE_PREFIX_HEADER = YES;
				GCC_PREFIX_HEADER = PrefixHeader.pch;
				HEADER_SEARCH_PATHS = "$(PROJECT_DIR)/Pods/";
				INFOPLIST_FILE = PoemEveryDay/Info.plist;
				IPHONEOS_DEPLOYMENT_TARGET = 8.0;
				LD_RUNPATH_SEARCH_PATHS = "$(inherited) @executable_path/Frameworks";
				PRODUCT_BUNDLE_IDENTIFIER = feng.PoemEveryDay;
				PRODUCT_NAME = "$(TARGET_NAME)";
				SWIFT_VERSION = 3.0;
			};
			name = Release;
		};
		2E4EFCDF1DE52B9B00D00AB8 /* Debug */ = {
			isa = XCBuildConfiguration;
			baseConfigurationReference = A266D4C9BA1EF42A7DA56FBF /* Pods-PoemEveryDayTests.debug.xcconfig */;
			buildSettings = {
				BUNDLE_LOADER = "$(TEST_HOST)";
				INFOPLIST_FILE = PoemEveryDayTests/Info.plist;
				LD_RUNPATH_SEARCH_PATHS = "$(inherited) @executable_path/Frameworks @loader_path/Frameworks";
				PRODUCT_BUNDLE_IDENTIFIER = feng.PoemEveryDayTests;
				PRODUCT_NAME = "$(TARGET_NAME)";
				TEST_HOST = "$(BUILT_PRODUCTS_DIR)/PoemEveryDay.app/PoemEveryDay";
			};
			name = Debug;
		};
		2E4EFCE01DE52B9B00D00AB8 /* Release */ = {
			isa = XCBuildConfiguration;
			baseConfigurationReference = 138DD00B450ADCAEE6CBC156 /* Pods-PoemEveryDayTests.release.xcconfig */;
			buildSettings = {
				BUNDLE_LOADER = "$(TEST_HOST)";
				INFOPLIST_FILE = PoemEveryDayTests/Info.plist;
				LD_RUNPATH_SEARCH_PATHS = "$(inherited) @executable_path/Frameworks @loader_path/Frameworks";
				PRODUCT_BUNDLE_IDENTIFIER = feng.PoemEveryDayTests;
				PRODUCT_NAME = "$(TARGET_NAME)";
				TEST_HOST = "$(BUILT_PRODUCTS_DIR)/PoemEveryDay.app/PoemEveryDay";
			};
			name = Release;
		};
		2E4EFCE21DE52B9B00D00AB8 /* Debug */ = {
			isa = XCBuildConfiguration;
			buildSettings = {
				INFOPLIST_FILE = PoemEveryDayUITests/Info.plist;
				LD_RUNPATH_SEARCH_PATHS = "$(inherited) @executable_path/Frameworks @loader_path/Frameworks";
				PRODUCT_BUNDLE_IDENTIFIER = feng.PoemEveryDayUITests;
				PRODUCT_NAME = "$(TARGET_NAME)";
				TEST_TARGET_NAME = PoemEveryDay;
			};
			name = Debug;
		};
		2E4EFCE31DE52B9B00D00AB8 /* Release */ = {
			isa = XCBuildConfiguration;
			buildSettings = {
				INFOPLIST_FILE = PoemEveryDayUITests/Info.plist;
				LD_RUNPATH_SEARCH_PATHS = "$(inherited) @executable_path/Frameworks @loader_path/Frameworks";
				PRODUCT_BUNDLE_IDENTIFIER = feng.PoemEveryDayUITests;
				PRODUCT_NAME = "$(TARGET_NAME)";
				TEST_TARGET_NAME = PoemEveryDay;
			};
			name = Release;
		};
/* End XCBuildConfiguration section */

/* Begin XCConfigurationList section */
		2E4EFCA31DE52B9A00D00AB8 /* Build configuration list for PBXProject "PoemEveryDay" */ = {
			isa = XCConfigurationList;
			buildConfigurations = (
				2E4EFCD91DE52B9B00D00AB8 /* Debug */,
				2E4EFCDA1DE52B9B00D00AB8 /* Release */,
			);
			defaultConfigurationIsVisible = 0;
			defaultConfigurationName = Release;
		};
		2E4EFCDB1DE52B9B00D00AB8 /* Build configuration list for PBXNativeTarget "PoemEveryDay" */ = {
			isa = XCConfigurationList;
			buildConfigurations = (
				2E4EFCDC1DE52B9B00D00AB8 /* Debug */,
				2E4EFCDD1DE52B9B00D00AB8 /* Release */,
			);
			defaultConfigurationIsVisible = 0;
			defaultConfigurationName = Release;
		};
		2E4EFCDE1DE52B9B00D00AB8 /* Build configuration list for PBXNativeTarget "PoemEveryDayTests" */ = {
			isa = XCConfigurationList;
			buildConfigurations = (
				2E4EFCDF1DE52B9B00D00AB8 /* Debug */,
				2E4EFCE01DE52B9B00D00AB8 /* Release */,
			);
			defaultConfigurationIsVisible = 0;
			defaultConfigurationName = Release;
		};
		2E4EFCE11DE52B9B00D00AB8 /* Build configuration list for PBXNativeTarget "PoemEveryDayUITests" */ = {
			isa = XCConfigurationList;
			buildConfigurations = (
				2E4EFCE21DE52B9B00D00AB8 /* Debug */,
				2E4EFCE31DE52B9B00D00AB8 /* Release */,
			);
			defaultConfigurationIsVisible = 0;
			defaultConfigurationName = Release;
		};
/* End XCConfigurationList section */
	};
	rootObject = 2E4EFCA01DE52B9A00D00AB8 /* Project object */;
}
